// !$*UTF8*$!
{
	archiveVersion = 1;
	classes = {
	};
	objectVersion = 55;
	objects = {

/* Begin PBXBuildFile section */
		AC59E0039D86F8774740A128 /* Pods_cloudTag.framework in Frameworks */ = {isa = PBXBuildFile; fileRef = C43FC095100643177CC207E2 /* Pods_cloudTag.framework */; };
		ACDB725D27F9D6A0002B4AA8 /* AppDelegate.swift in Sources */ = {isa = PBXBuildFile; fileRef = ACDB725C27F9D6A0002B4AA8 /* AppDelegate.swift */; };
		ACDB725F27F9D6A0002B4AA8 /* SceneDelegate.swift in Sources */ = {isa = PBXBuildFile; fileRef = ACDB725E27F9D6A0002B4AA8 /* SceneDelegate.swift */; };
		ACDB726127F9D6A0002B4AA8 /* ViewController.swift in Sources */ = {isa = PBXBuildFile; fileRef = ACDB726027F9D6A0002B4AA8 /* ViewController.swift */; };
		ACDB726627F9D6A1002B4AA8 /* Assets.xcassets in Resources */ = {isa = PBXBuildFile; fileRef = ACDB726527F9D6A1002B4AA8 /* Assets.xcassets */; };
		ACDB726927F9D6A1002B4AA8 /* LaunchScreen.storyboard in Resources */ = {isa = PBXBuildFile; fileRef = ACDB726727F9D6A1002B4AA8 /* LaunchScreen.storyboard */; };
		ACDB727127F9E538002B4AA8 /* Drinks.swift in Sources */ = {isa = PBXBuildFile; fileRef = ACDB727027F9E538002B4AA8 /* Drinks.swift */; };
/* End PBXBuildFile section */

/* Begin PBXFileReference section */
		798A07D0FE2CE2422CD940C4 /* Pods-cloudTag.release.xcconfig */ = {isa = PBXFileReference; includeInIndex = 1; lastKnownFileType = text.xcconfig; name = "Pods-cloudTag.release.xcconfig"; path = "Target Support Files/Pods-cloudTag/Pods-cloudTag.release.xcconfig"; sourceTree = "<group>"; };
		ACDB725927F9D6A0002B4AA8 /* cloudTag.app */ = {isa = PBXFileReference; explicitFileType = wrapper.application; includeInIndex = 0; path = cloudTag.app; sourceTree = BUILT_PRODUCTS_DIR; };
		ACDB725C27F9D6A0002B4AA8 /* AppDelegate.swift */ = {isa = PBXFileReference; lastKnownFileType = sourcecode.swift; path = AppDelegate.swift; sourceTree = "<group>"; };
		ACDB725E27F9D6A0002B4AA8 /* SceneDelegate.swift */ = {isa = PBXFileReference; lastKnownFileType = sourcecode.swift; path = SceneDelegate.swift; sourceTree = "<group>"; };
		ACDB726027F9D6A0002B4AA8 /* ViewController.swift */ = {isa = PBXFileReference; lastKnownFileType = sourcecode.swift; path = ViewController.swift; sourceTree = "<group>"; };
		ACDB726527F9D6A1002B4AA8 /* Assets.xcassets */ = {isa = PBXFileReference; lastKnownFileType = folder.assetcatalog; path = Assets.xcassets; sourceTree = "<group>"; };
		ACDB726827F9D6A1002B4AA8 /* Base */ = {isa = PBXFileReference; lastKnownFileType = file.storyboard; name = Base; path = Base.lproj/LaunchScreen.storyboard; sourceTree = "<group>"; };
		ACDB726A27F9D6A1002B4AA8 /* Info.plist */ = {isa = PBXFileReference; lastKnownFileType = text.plist.xml; path = Info.plist; sourceTree = "<group>"; };
		ACDB727027F9E538002B4AA8 /* Drinks.swift */ = {isa = PBXFileReference; lastKnownFileType = sourcecode.swift; path = Drinks.swift; sourceTree = "<group>"; };
		C43FC095100643177CC207E2 /* Pods_cloudTag.framework */ = {isa = PBXFileReference; explicitFileType = wrapper.framework; includeInIndex = 0; path = Pods_cloudTag.framework; sourceTree = BUILT_PRODUCTS_DIR; };
		E18EBD18961FE0D9D85C8503 /* Pods-cloudTag.debug.xcconfig */ = {isa = PBXFileReference; includeInIndex = 1; lastKnownFileType = text.xcconfig; name = "Pods-cloudTag.debug.xcconfig"; path = "Target Support Files/Pods-cloudTag/Pods-cloudTag.debug.xcconfig"; sourceTree = "<group>"; };
/* End PBXFileReference section */

/* Begin PBXFrameworksBuildPhase section */
		ACDB725627F9D6A0002B4AA8 /* Frameworks */ = {
			isa = PBXFrameworksBuildPhase;
			buildActionMask = 2147483647;
			files = (
				AC59E0039D86F8774740A128 /* Pods_cloudTag.framework in Frameworks */,
			);
			runOnlyForDeploymentPostprocessing = 0;
		};
/* End PBXFrameworksBuildPhase section */

/* Begin PBXGroup section */
		ACDB725027F9D6A0002B4AA8 = {
			isa = PBXGroup;
			children = (
				ACDB725B27F9D6A0002B4AA8 /* cloudTag */,
				ACDB725A27F9D6A0002B4AA8 /* Products */,
				AF2A64D5A18A5C7860EFF8BF /* Pods */,
				BC5210A64AD9BDCA893CD790 /* Frameworks */,
			);
			sourceTree = "<group>";
		};
		ACDB725A27F9D6A0002B4AA8 /* Products */ = {
			isa = PBXGroup;
			children = (
				ACDB725927F9D6A0002B4AA8 /* cloudTag.app */,
			);
			name = Products;
			sourceTree = "<group>";
		};
		ACDB725B27F9D6A0002B4AA8 /* cloudTag */ = {
			isa = PBXGroup;
			children = (
				ACDB725C27F9D6A0002B4AA8 /* AppDelegate.swift */,
				ACDB725E27F9D6A0002B4AA8 /* SceneDelegate.swift */,
				ACDB726027F9D6A0002B4AA8 /* ViewController.swift */,
				ACDB727027F9E538002B4AA8 /* Drinks.swift */,
				ACDB726527F9D6A1002B4AA8 /* Assets.xcassets */,
				ACDB726727F9D6A1002B4AA8 /* LaunchScreen.storyboard */,
				ACDB726A27F9D6A1002B4AA8 /* Info.plist */,
			);
			path = cloudTag;
			sourceTree = "<group>";
		};
		AF2A64D5A18A5C7860EFF8BF /* Pods */ = {
			isa = PBXGroup;
			children = (
				E18EBD18961FE0D9D85C8503 /* Pods-cloudTag.debug.xcconfig */,
				798A07D0FE2CE2422CD940C4 /* Pods-cloudTag.release.xcconfig */,
			);
			path = Pods;
			sourceTree = "<group>";
		};
		BC5210A64AD9BDCA893CD790 /* Frameworks */ = {
			isa = PBXGroup;
			children = (
				C43FC095100643177CC207E2 /* Pods_cloudTag.framework */,
			);
			name = Frameworks;
			sourceTree = "<group>";
		};
/* End PBXGroup section */

/* Begin PBXNativeTarget section */
		ACDB725827F9D6A0002B4AA8 /* cloudTag */ = {
			isa = PBXNativeTarget;
			buildConfigurationList = ACDB726D27F9D6A1002B4AA8 /* Build configuration list for PBXNativeTarget "cloudTag" */;
			buildPhases = (
				A44F72467E5B698E7F3FF4D7 /* [CP] Check Pods Manifest.lock */,
				ACDB725527F9D6A0002B4AA8 /* Sources */,
				ACDB725627F9D6A0002B4AA8 /* Frameworks */,
				ACDB725727F9D6A0002B4AA8 /* Resources */,
				049FC3E81AF9EFC2E8642949 /* [CP] Embed Pods Frameworks */,
			);
			buildRules = (
			);
			dependencies = (
			);
			name = cloudTag;
			productName = cloudTag;
			productReference = ACDB725927F9D6A0002B4AA8 /* cloudTag.app */;
			productType = "com.apple.product-type.application";
		};
/* End PBXNativeTarget section */

/* Begin PBXProject section */
		ACDB725127F9D6A0002B4AA8 /* Project object */ = {
			isa = PBXProject;
			attributes = {
				BuildIndependentTargetsInParallel = 1;
				LastSwiftUpdateCheck = 1330;
				LastUpgradeCheck = 1330;
				TargetAttributes = {
					ACDB725827F9D6A0002B4AA8 = {
						CreatedOnToolsVersion = 13.3;
					};
				};
			};
			buildConfigurationList = ACDB725427F9D6A0002B4AA8 /* Build configuration list for PBXProject "cloudTag" */;
			compatibilityVersion = "Xcode 13.0";
			developmentRegion = en;
			hasScannedForEncodings = 0;
			knownRegions = (
				en,
				Base,
			);
			mainGroup = ACDB725027F9D6A0002B4AA8;
			productRefGroup = ACDB725A27F9D6A0002B4AA8 /* Products */;
			projectDirPath = "";
			projectRoot = "";
			targets = (
				ACDB725827F9D6A0002B4AA8 /* cloudTag */,
			);
		};
/* End PBXProject section */

/* Begin PBXResourcesBuildPhase section */
		ACDB725727F9D6A0002B4AA8 /* Resources */ = {
			isa = PBXResourcesBuildPhase;
			buildActionMask = 2147483647;
			files = (
				ACDB726927F9D6A1002B4AA8 /* LaunchScreen.storyboard in Resources */,
				ACDB726627F9D6A1002B4AA8 /* Assets.xcassets in Resources */,
			);
			runOnlyForDeploymentPostprocessing = 0;
		};
/* End PBXResourcesBuildPhase section */

/* Begin PBXShellScriptBuildPhase section */
		049FC3E81AF9EFC2E8642949 /* [CP] Embed Pods Frameworks */ = {
			isa = PBXShellScriptBuildPhase;
			buildActionMask = 2147483647;
			files = (
			);
			inputFileListPaths = (
				"${PODS_ROOT}/Target Support Files/Pods-cloudTag/Pods-cloudTag-frameworks-${CONFIGURATION}-input-files.xcfilelist",
			);
			name = "[CP] Embed Pods Frameworks";
			outputFileListPaths = (
				"${PODS_ROOT}/Target Support Files/Pods-cloudTag/Pods-cloudTag-frameworks-${CONFIGURATION}-output-files.xcfilelist",
			);
			runOnlyForDeploymentPostprocessing = 0;
			shellPath = /bin/sh;
			shellScript = "\"${PODS_ROOT}/Target Support Files/Pods-cloudTag/Pods-cloudTag-frameworks.sh\"\n";
			showEnvVarsInLog = 0;
		};
		A44F72467E5B698E7F3FF4D7 /* [CP] Check Pods Manifest.lock */ = {
			isa = PBXShellScriptBuildPhase;
			buildActionMask = 2147483647;
			files = (
			);
			inputFileListPaths = (
			);
			inputPaths = (
				"${PODS_PODFILE_DIR_PATH}/Podfile.lock",
				"${PODS_ROOT}/Manifest.lock",
			);
			name = "[CP] Check Pods Manifest.lock";
			outputFileListPaths = (
			);
			outputPaths = (
				"$(DERIVED_FILE_DIR)/Pods-cloudTag-checkManifestLockResult.txt",
			);
			runOnlyForDeploymentPostprocessing = 0;
			shellPath = /bin/sh;
			shellScript = "diff \"${PODS_PODFILE_DIR_PATH}/Podfile.lock\" \"${PODS_ROOT}/Manifest.lock\" > /dev/null\nif [ $? != 0 ] ; then\n    # print error to STDERR\n    echo \"error: The sandbox is not in sync with the Podfile.lock. Run 'pod install' or update your CocoaPods installation.\" >&2\n    exit 1\nfi\n# This output is used by Xcode 'outputs' to avoid re-running this script phase.\necho \"SUCCESS\" > \"${SCRIPT_OUTPUT_FILE_0}\"\n";
			showEnvVarsInLog = 0;
		};
/* End PBXShellScriptBuildPhase section */

/* Begin PBXSourcesBuildPhase section */
		ACDB725527F9D6A0002B4AA8 /* Sources */ = {
			isa = PBXSourcesBuildPhase;
			buildActionMask = 2147483647;
			files = (
				ACDB726127F9D6A0002B4AA8 /* ViewController.swift in Sources */,
				ACDB725D27F9D6A0002B4AA8 /* AppDelegate.swift in Sources */,
				ACDB727127F9E538002B4AA8 /* Drinks.swift in Sources */,
				ACDB725F27F9D6A0002B4AA8 /* SceneDelegate.swift in Sources */,
			);
			runOnlyForDeploymentPostprocessing = 0;
		};
/* End PBXSourcesBuildPhase section */

/* Begin PBXVariantGroup section */
		ACDB726727F9D6A1002B4AA8 /* LaunchScreen.storyboard */ = {
			isa = PBXVariantGroup;
			children = (
				ACDB726827F9D6A1002B4AA8 /* Base */,
			);
			name = LaunchScreen.storyboard;
			sourceTree = "<group>";
		};
/* End PBXVariantGroup section */

/* Begin XCBuildConfiguration section */
		ACDB726B27F9D6A1002B4AA8 /* Debug */ = {
			isa = XCBuildConfiguration;
			buildSettings = {
				ALWAYS_SEARCH_USER_PATHS = NO;
				CLANG_ANALYZER_NONNULL = YES;
				CLANG_ANALYZER_NUMBER_OBJECT_CONVERSION = YES_AGGRESSIVE;
				CLANG_CXX_LANGUAGE_STANDARD = "gnu++17";
				CLANG_ENABLE_MODULES = YES;
				CLANG_ENABLE_OBJC_ARC = YES;
				CLANG_ENABLE_OBJC_WEAK = YES;
				CLANG_WARN_BLOCK_CAPTURE_AUTORELEASING = YES;
				CLANG_WARN_BOOL_CONVERSION = YES;
				CLANG_WARN_COMMA = YES;
				CLANG_WARN_CONSTANT_CONVERSION = YES;
				CLANG_WARN_DEPRECATED_OBJC_IMPLEMENTATIONS = YES;
				CLANG_WARN_DIRECT_OBJC_ISA_USAGE = YES_ERROR;
				CLANG_WARN_DOCUMENTATION_COMMENTS = YES;
				CLANG_WARN_EMPTY_BODY = YES;
				CLANG_WARN_ENUM_CONVERSION = YES;
				CLANG_WARN_INFINITE_RECURSION = YES;
				CLANG_WARN_INT_CONVERSION = YES;
				CLANG_WARN_NON_LITERAL_NULL_CONVERSION = YES;
				CLANG_WARN_OBJC_IMPLICIT_RETAIN_SELF = YES;
				CLANG_WARN_OBJC_LITERAL_CONVERSION = YES;
				CLANG_WARN_OBJC_ROOT_CLASS = YES_ERROR;
				CLANG_WARN_QUOTED_INCLUDE_IN_FRAMEWORK_HEADER = YES;
				CLANG_WARN_RANGE_LOOP_ANALYSIS = YES;
				CLANG_WARN_STRICT_PROTOTYPES = YES;
				CLANG_WARN_SUSPICIOUS_MOVE = YES;
				CLANG_WARN_UNGUARDED_AVAILABILITY = YES_AGGRESSIVE;
				CLANG_WARN_UNREACHABLE_CODE = YES;
				CLANG_WARN__DUPLICATE_METHOD_MATCH = YES;
				COPY_PHASE_STRIP = NO;
				DEBUG_INFORMATION_FORMAT = dwarf;
				ENABLE_STRICT_OBJC_MSGSEND = YES;
				ENABLE_TESTABILITY = YES;
				GCC_C_LANGUAGE_STANDARD = gnu11;
				GCC_DYNAMIC_NO_PIC = NO;
				GCC_NO_COMMON_BLOCKS = YES;
				GCC_OPTIMIZATION_LEVEL = 0;
				GCC_PREPROCESSOR_DEFINITIONS = (
					"DEBUG=1",
					"$(inherited)",
				);
				GCC_WARN_64_TO_32_BIT_CONVERSION = YES;
				GCC_WARN_ABOUT_RETURN_TYPE = YES_ERROR;
				GCC_WARN_UNDECLARED_SELECTOR = YES;
				GCC_WARN_UNINITIALIZED_AUTOS = YES_AGGRESSIVE;
				GCC_WARN_UNUSED_FUNCTION = YES;
				GCC_WARN_UNUSED_VARIABLE = YES;
				IPHONEOS_DEPLOYMENT_TARGET = 15.4;
				MTL_ENABLE_DEBUG_INFO = INCLUDE_SOURCE;
				MTL_FAST_MATH = YES;
				ONLY_ACTIVE_ARCH = YES;
				SDKROOT = iphoneos;
				SWIFT_ACTIVE_COMPILATION_CONDITIONS = DEBUG;
				SWIFT_OPTIMIZATION_LEVEL = "-Onone";
			};
			name = Debug;
		};
		ACDB726C27F9D6A1002B4AA8 /* Release */ = {
			isa = XCBuildConfiguration;
			buildSettings = {
				ALWAYS_SEARCH_USER_PATHS = NO;
				CLANG_ANALYZER_NONNULL = YES;
				CLANG_ANALYZER_NUMBER_OBJECT_CONVERSION = YES_AGGRESSIVE;
				CLANG_CXX_LANGUAGE_STANDARD = "gnu++17";
				CLANG_ENABLE_MODULES = YES;
				CLANG_ENABLE_OBJC_ARC = YES;
				CLANG_ENABLE_OBJC_WEAK = YES;
				CLANG_WARN_BLOCK_CAPTURE_AUTORELEASING = YES;
				CLANG_WARN_BOOL_CONVERSION = YES;
				CLANG_WARN_COMMA = YES;
				CLANG_WARN_CONSTANT_CONVERSION = YES;
				CLANG_WARN_DEPRECATED_OBJC_IMPLEMENTATIONS = YES;
				CLANG_WARN_DIRECT_OBJC_ISA_USAGE = YES_ERROR;
				CLANG_WARN_DOCUMENTATION_COMMENTS = YES;
				CLANG_WARN_EMPTY_BODY = YES;
				CLANG_WARN_ENUM_CONVERSION = YES;
				CLANG_WARN_INFINITE_RECURSION = YES;
				CLANG_WARN_INT_CONVERSION = YES;
				CLANG_WARN_NON_LITERAL_NULL_CONVERSION = YES;
				CLANG_WARN_OBJC_IMPLICIT_RETAIN_SELF = YES;
				CLANG_WARN_OBJC_LITERAL_CONVERSION = YES;
				CLANG_WARN_OBJC_ROOT_CLASS = YES_ERROR;
				CLANG_WARN_QUOTED_INCLUDE_IN_FRAMEWORK_HEADER = YES;
				CLANG_WARN_RANGE_LOOP_ANALYSIS = YES;
				CLANG_WARN_STRICT_PROTOTYPES = YES;
				CLANG_WARN_SUSPICIOUS_MOVE = YES;
				CLANG_WARN_UNGUARDED_AVAILABILITY = YES_AGGRESSIVE;
				CLANG_WARN_UNREACHABLE_CODE = YES;
				CLANG_WARN__DUPLICATE_METHOD_MATCH = YES;
				COPY_PHASE_STRIP = NO;
				DEBUG_INFORMATION_FORMAT = "dwarf-with-dsym";
				ENABLE_NS_ASSERTIONS = NO;
				ENABLE_STRICT_OBJC_MSGSEND = YES;
				GCC_C_LANGUAGE_STANDARD = gnu11;
				GCC_NO_COMMON_BLOCKS = YES;
				GCC_WARN_64_TO_32_BIT_CONVERSION = YES;
				GCC_WARN_ABOUT_RETURN_TYPE = YES_ERROR;
				GCC_WARN_UNDECLARED_SELECTOR = YES;
				GCC_WARN_UNINITIALIZED_AUTOS = YES_AGGRESSIVE;
				GCC_WARN_UNUSED_FUNCTION = YES;
				GCC_WARN_UNUSED_VARIABLE = YES;
				IPHONEOS_DEPLOYMENT_TARGET = 15.4;
				MTL_ENABLE_DEBUG_INFO = NO;
				MTL_FAST_MATH = YES;
				SDKROOT = iphoneos;
				SWIFT_COMPILATION_MODE = wholemodule;
				SWIFT_OPTIMIZATION_LEVEL = "-O";
				VALIDATE_PRODUCT = YES;
			};
			name = Release;
		};
		ACDB726E27F9D6A1002B4AA8 /* Debug */ = {
			isa = XCBuildConfiguration;
			baseConfigurationReference = E18EBD18961FE0D9D85C8503 /* Pods-cloudTag.debug.xcconfig */;
			buildSettings = {
				ASSETCATALOG_COMPILER_APPICON_NAME = AppIcon;
				ASSETCATALOG_COMPILER_GLOBAL_ACCENT_COLOR_NAME = AccentColor;
				CODE_SIGN_STYLE = Automatic;
				CURRENT_PROJECT_VERSION = 1;
				DEVELOPMENT_TEAM = RWNR5M53QM;
				GENERATE_INFOPLIST_FILE = YES;
				INFOPLIST_FILE = cloudTag/Info.plist;
				INFOPLIST_KEY_UIApplicationSupportsIndirectInputEvents = YES;
				INFOPLIST_KEY_UILaunchStoryboardName = LaunchScreen;
				INFOPLIST_KEY_UISupportedInterfaceOrientations = UIInterfaceOrientationPortrait;
				INFOPLIST_KEY_UISupportedInterfaceOrientations_iPad = "UIInterfaceOrientationPortrait UIInterfaceOrientationPortraitUpsideDown UIInterfaceOrientationLandscapeLeft UIInterfaceOrientationLandscapeRight";
				INFOPLIST_KEY_UISupportedInterfaceOrientations_iPhone = "UIInterfaceOrientationPortrait UIInterfaceOrientationLandscapeLeft UIInterfaceOrientationLandscapeRight";
				LD_RUNPATH_SEARCH_PATHS = (
					"$(inherited)",
					"@executable_path/Frameworks",
				);
				MARKETING_VERSION = 1.0;
				PRODUCT_BUNDLE_IDENTIFIER = AS.cloudTag;
				PRODUCT_NAME = "$(TARGET_NAME)";
				SWIFT_EMIT_LOC_STRINGS = YES;
				SWIFT_VERSION = 5.0;
				TARGETED_DEVICE_FAMILY = 1;
			};
			name = Debug;
		};
		ACDB726F27F9D6A1002B4AA8 /* Release */ = {
			isa = XCBuildConfiguration;
			baseConfigurationReference = 798A07D0FE2CE2422CD940C4 /* Pods-cloudTag.release.xcconfig */;
			buildSettings = {
				ASSETCATALOG_COMPILER_APPICON_NAME = AppIcon;
				ASSETCATALOG_COMPILER_GLOBAL_ACCENT_COLOR_NAME = AccentColor;
				CODE_SIGN_STYLE = Automatic;
				CURRENT_PROJECT_VERSION = 1;
				DEVELOPMENT_TEAM = RWNR5M53QM;
				GENERATE_INFOPLIST_FILE = YES;
				INFOPLIST_FILE = cloudTag/Info.plist;
				INFOPLIST_KEY_UIApplicationSupportsIndirectInputEvents = YES;
				INFOPLIST_KEY_UILaunchStoryboardName = LaunchScreen;
				INFOPLIST_KEY_UISupportedInterfaceOrientations = UIInterfaceOrientationPortrait;
				INFOPLIST_KEY_UISupportedInterfaceOrientations_iPad = "UIInterfaceOrientationPortrait UIInterfaceOrientationPortraitUpsideDown UIInterfaceOrientationLandscapeLeft UIInterfaceOrientationLandscapeRight";
				INFOPLIST_KEY_UISupportedInterfaceOrientations_iPhone = "UIInterfaceOrientationPortrait UIInterfaceOrientationLandscapeLeft UIInterfaceOrientationLandscapeRight";
				LD_RUNPATH_SEARCH_PATHS = (
					"$(inherited)",
					"@executable_path/Frameworks",
				);
				MARKETING_VERSION = 1.0;
				PRODUCT_BUNDLE_IDENTIFIER = AS.cloudTag;
				PRODUCT_NAME = "$(TARGET_NAME)";
				SWIFT_EMIT_LOC_STRINGS = YES;
				SWIFT_VERSION = 5.0;
				TARGETED_DEVICE_FAMILY = 1;
			};
			name = Release;
		};
/* End XCBuildConfiguration section */

/* Begin XCConfigurationList section */
		ACDB725427F9D6A0002B4AA8 /* Build configuration list for PBXProject "cloudTag" */ = {
			isa = XCConfigurationList;
			buildConfigurations = (
				ACDB726B27F9D6A1002B4AA8 /* Debug */,
				ACDB726C27F9D6A1002B4AA8 /* Release */,
			);
			defaultConfigurationIsVisible = 0;
			defaultConfigurationName = Release;
		};
		ACDB726D27F9D6A1002B4AA8 /* Build configuration list for PBXNativeTarget "cloudTag" */ = {
			isa = XCConfigurationList;
			buildConfigurations = (
				ACDB726E27F9D6A1002B4AA8 /* Debug */,
				ACDB726F27F9D6A1002B4AA8 /* Release */,
			);
			defaultConfigurationIsVisible = 0;
			defaultConfigurationName = Release;
		};
/* End XCConfigurationList section */
	};
	rootObject = ACDB725127F9D6A0002B4AA8 /* Project object */;
}
